
Microsoft Visual Studio Solution File, Format Version 12.00
# Visual Studio Version 16
VisualStudioVersion = 16.0.30011.22
MinimumVisualStudioVersion = 10.0.40219.1
Project("{9A19103F-16F7-4668-BE54-9A1E7A4F7556}") = "ChatServer", "ChatServer\ChatServer.csproj", "{3F3AB4B3-B8FC-449D-8F13-EF0F5BFBB233}"
EndProject
Project("{9A19103F-16F7-4668-BE54-9A1E7A4F7556}") = "ChatLib", "ChatLib\ChatLib.csproj", "{B7748C2B-4E96-42EB-89F1-2B84B79B4CEC}"
EndProject
Project("{FAE04EC0-301F-11D3-BF4B-00C04F79EFBC}") = "ChatClient.Android", "ChatClient\ChatClient.Android\ChatClient.Android.csproj", "{0D63AAAE-E4F7-4772-B70A-EE7D2CADB6FD}"
EndProject
Project("{FAE04EC0-301F-11D3-BF4B-00C04F79EFBC}") = "ChatClient.iOS", "ChatClient\ChatClient.iOS\ChatClient.iOS.csproj", "{DE441AC9-E78D-4D7A-AB95-BEF17E1AFC2E}"
EndProject
Project("{9A19103F-16F7-4668-BE54-9A1E7A4F7556}") = "ChatClient", "ChatClient\ChatClient\ChatClient.csproj", "{5A8C7595-15FC-431E-A53C-8201D7A1153E}"
EndProject
Global
	GlobalSection(SolutionConfigurationPlatforms) = preSolution
		Debug|Any CPU = Debug|Any CPU
		Debug|iPhone = Debug|iPhone
		Debug|iPhoneSimulator = Debug|iPhoneSimulator
		Release|Any CPU = Release|Any CPU
		Release|iPhone = Release|iPhone
		Release|iPhoneSimulator = Release|iPhoneSimulator
	EndGlobalSection
	GlobalSection(ProjectConfigurationPlatforms) = postSolution
		{3F3AB4B3-B8FC-449D-8F13-EF0F5BFBB233}.Debug|Any CPU.ActiveCfg = Debug|Any CPU
		{3F3AB4B3-B8FC-449D-8F13-EF0F5BFBB233}.Debug|Any CPU.Build.0 = Debug|Any CPU
		{3F3AB4B3-B8FC-449D-8F13-EF0F5BFBB233}.Debug|iPhone.ActiveCfg = Debug|Any CPU
		{3F3AB4B3-B8FC-449D-8F13-EF0F5BFBB233}.Debug|iPhone.Build.0 = Debug|Any CPU
		{3F3AB4B3-B8FC-449D-8F13-EF0F5BFBB233}.Debug|iPhoneSimulator.ActiveCfg = Debug|Any CPU
		{3F3AB4B3-B8FC-449D-8F13-EF0F5BFBB233}.Debug|iPhoneSimulator.Build.0 = Debug|Any CPU
		{3F3AB4B3-B8FC-449D-8F13-EF0F5BFBB233}.Release|Any CPU.ActiveCfg = Release|Any CPU
		{3F3AB4B3-B8FC-449D-8F13-EF0F5BFBB233}.Release|Any CPU.Build.0 = Release|Any CPU
		{3F3AB4B3-B8FC-449D-8F13-EF0F5BFBB233}.Release|iPhone.ActiveCfg = Release|Any CPU
		{3F3AB4B3-B8FC-449D-8F13-EF0F5BFBB233}.Release|iPhone.Build.0 = Release|Any CPU
		{3F3AB4B3-B8FC-449D-8F13-EF0F5BFBB233}.Release|iPhoneSimulator.ActiveCfg = Release|Any CPU
		{3F3AB4B3-B8FC-449D-8F13-EF0F5BFBB233}.Release|iPhoneSimulator.Build.0 = Release|Any CPU
		{B7748C2B-4E96-42EB-89F1-2B84B79B4CEC}.Debug|Any CPU.ActiveCfg = Debug|Any CPU
		{B7748C2B-4E96-42EB-89F1-2B84B79B4CEC}.Debug|Any CPU.Build.0 = Debug|Any CPU
		{B7748C2B-4E96-42EB-89F1-2B84B79B4CEC}.Debug|iPhone.ActiveCfg = Debug|Any CPU
		{B7748C2B-4E96-42EB-89F1-2B84B79B4CEC}.Debug|iPhone.Build.0 = Debug|Any CPU
		{B7748C2B-4E96-42EB-89F1-2B84B79B4CEC}.Debug|iPhoneSimulator.ActiveCfg = Debug|Any CPU
		{B7748C2B-4E96-42EB-89F1-2B84B79B4CEC}.Debug|iPhoneSimulator.Build.0 = Debug|Any CPU
		{B7748C2B-4E96-42EB-89F1-2B84B79B4CEC}.Release|Any CPU.ActiveCfg = Release|Any CPU
		{B7748C2B-4E96-42EB-89F1-2B84B79B4CEC}.Release|Any CPU.Build.0 = Release|Any CPU
		{B7748C2B-4E96-42EB-89F1-2B84B79B4CEC}.Release|iPhone.ActiveCfg = Release|Any CPU
		{B7748C2B-4E96-42EB-89F1-2B84B79B4CEC}.Release|iPhone.Build.0 = Release|Any CPU
		{B7748C2B-4E96-42EB-89F1-2B84B79B4CEC}.Release|iPhoneSimulator.ActiveCfg = Release|Any CPU
		{B7748C2B-4E96-42EB-89F1-2B84B79B4CEC}.Release|iPhoneSimulator.Build.0 = Release|Any CPU
		{0D63AAAE-E4F7-4772-B70A-EE7D2CADB6FD}.Debug|Any CPU.ActiveCfg = Debug|Any CPU
		{0D63AAAE-E4F7-4772-B70A-EE7D2CADB6FD}.Debug|Any CPU.Build.0 = Debug|Any CPU
		{0D63AAAE-E4F7-4772-B70A-EE7D2CADB6FD}.Debug|Any CPU.Deploy.0 = Debug|Any CPU
		{0D63AAAE-E4F7-4772-B70A-EE7D2CADB6FD}.Debug|iPhone.ActiveCfg = Debug|Any CPU
		{0D63AAAE-E4F7-4772-B70A-EE7D2CADB6FD}.Debug|iPhone.Build.0 = Debug|Any CPU
		{0D63AAAE-E4F7-4772-B70A-EE7D2CADB6FD}.Debug|iPhone.Deploy.0 = Debug|Any CPU
		{0D63AAAE-E4F7-4772-B70A-EE7D2CADB6FD}.Debug|iPhoneSimulator.ActiveCfg = Debug|Any CPU
		{0D63AAAE-E4F7-4772-B70A-EE7D2CADB6FD}.Debug|iPhoneSimulator.Build.0 = Debug|Any CPU
		{0D63AAAE-E4F7-4772-B70A-EE7D2CADB6FD}.Debug|iPhoneSimulator.Deploy.0 = Debug|Any CPU
		{0D63AAAE-E4F7-4772-B70A-EE7D2CADB6FD}.Release|Any CPU.ActiveCfg = Release|Any CPU
		{0D63AAAE-E4F7-4772-B70A-EE7D2CADB6FD}.Release|Any CPU.Build.0 = Release|Any CPU
		{0D63AAAE-E4F7-4772-B70A-EE7D2CADB6FD}.Release|Any CPU.Deploy.0 = Release|Any CPU
		{0D63AAAE-E4F7-4772-B70A-EE7D2CADB6FD}.Release|iPhone.ActiveCfg = Release|Any CPU
		{0D63AAAE-E4F7-4772-B70A-EE7D2CADB6FD}.Release|iPhone.Build.0 = Release|Any CPU
		{0D63AAAE-E4F7-4772-B70A-EE7D2CADB6FD}.Release|iPhone.Deploy.0 = Release|Any CPU
		{0D63AAAE-E4F7-4772-B70A-EE7D2CADB6FD}.Release|iPhoneSimulator.ActiveCfg = Release|Any CPU
		{0D63AAAE-E4F7-4772-B70A-EE7D2CADB6FD}.Release|iPhoneSimulator.Build.0 = Release|Any CPU
		{0D63AAAE-E4F7-4772-B70A-EE7D2CADB6FD}.Release|iPhoneSimulator.Deploy.0 = Release|Any CPU
		{DE441AC9-E78D-4D7A-AB95-BEF17E1AFC2E}.Debug|Any CPU.ActiveCfg = Debug|iPhone
		{DE441AC9-E78D-4D7A-AB95-BEF17E1AFC2E}.Debug|iPhone.ActiveCfg = Debug|iPhone
		{DE441AC9-E78D-4D7A-AB95-BEF17E1AFC2E}.Debug|iPhone.Build.0 = Debug|iPhone
		{DE441AC9-E78D-4D7A-AB95-BEF17E1AFC2E}.Debug|iPhoneSimulator.ActiveCfg = Debug|iPhoneSimulator
		{DE441AC9-E78D-4D7A-AB95-BEF17E1AFC2E}.Debug|iPhoneSimulator.Build.0 = Debug|iPhoneSimulator
		{DE441AC9-E78D-4D7A-AB95-BEF17E1AFC2E}.Release|Any CPU.ActiveCfg = Release|iPhone
		{DE441AC9-E78D-4D7A-AB95-BEF17E1AFC2E}.Release|iPhone.ActiveCfg = Release|iPhone
		{DE441AC9-E78D-4D7A-AB95-BEF17E1AFC2E}.Release|iPhone.Build.0 = Release|iPhone
		{DE441AC9-E78D-4D7A-AB95-BEF17E1AFC2E}.Release|iPhoneSimulator.ActiveCfg = Release|iPhoneSimulator
		{DE441AC9-E78D-4D7A-AB95-BEF17E1AFC2E}.Release|iPhoneSimulator.Build.0 = Release|iPhoneSimulator
		{5A8C7595-15FC-431E-A53C-8201D7A1153E}.Debug|Any CPU.ActiveCfg = Debug|Any CPU
		{5A8C7595-15FC-431E-A53C-8201D7A1153E}.Debug|Any CPU.Build.0 = Debug|Any CPU
		{5A8C7595-15FC-431E-A53C-8201D7A1153E}.Debug|iPhone.ActiveCfg = Debug|Any CPU
		{5A8C7595-15FC-431E-A53C-8201D7A1153E}.Debug|iPhone.Build.0 = Debug|Any CPU
		{5A8C7595-15FC-431E-A53C-8201D7A1153E}.Debug|iPhoneSimulator.ActiveCfg = Debug|Any CPU
		{5A8C7595-15FC-431E-A53C-8201D7A1153E}.Debug|iPhoneSimulator.Build.0 = Debug|Any CPU
		{5A8C7595-15FC-431E-A53C-8201D7A1153E}.Release|Any CPU.ActiveCfg = Release|Any CPU
		{5A8C7595-15FC-431E-A53C-8201D7A1153E}.Release|Any CPU.Build.0 = Release|Any CPU
		{5A8C7595-15FC-431E-A53C-8201D7A1153E}.Release|iPhone.ActiveCfg = Release|Any CPU
		{5A8C7595-15FC-431E-A53C-8201D7A1153E}.Release|iPhone.Build.0 = Release|Any CPU
		{5A8C7595-15FC-431E-A53C-8201D7A1153E}.Release|iPhoneSimulator.ActiveCfg = Release|Any CPU
		{5A8C7595-15FC-431E-A53C-8201D7A1153E}.Release|iPhoneSimulator.Build.0 = Release|Any CPU
	EndGlobalSection
	GlobalSection(SolutionProperties) = preSolution
		HideSolutionNode = FALSE
	EndGlobalSection
	GlobalSection(ExtensibilityGlobals) = postSolution
		SolutionGuid = {D626A771-94CF-4963-88AA-D87C6B0C7C14}
	EndGlobalSection
EndGlobal
